
Microsoft Visual Studio Solution File, Format Version 12.00
# Visual Studio Version 17
VisualStudioVersion = 17.0.32112.339
MinimumVisualStudioVersion = 10.0.40219.1
Project("{FAE04EC0-301F-11D3-BF4B-00C04F79EFBC}") = "NbgWebApp", "NbgWebApp\NbgWebApp.csproj", "{C83D5236-3A81-44B9-B60B-52E73245D4FE}"
EndProject
Global
	GlobalSection(SolutionConfigurationPlatforms) = preSolution
		Debug|Any CPU = Debug|Any CPU
		Release|Any CPU = Release|Any CPU
	EndGlobalSection
	GlobalSection(ProjectConfigurationPlatforms) = postSolution
		{C83D5236-3A81-44B9-B60B-52E73245D4FE}.Debug|Any CPU.ActiveCfg = Debug|Any CPU
		{C83D5236-3A81-44B9-B60B-52E73245D4FE}.Debug|Any CPU.Build.0 = Debug|Any CPU
		{C83D5236-3A81-44B9-B60B-52E73245D4FE}.Release|Any CPU.ActiveCfg = Release|Any CPU
		{C83D5236-3A81-44B9-B60B-52E73245D4FE}.Release|Any CPU.Build.0 = Release|Any CPU
	EndGlobalSection
	GlobalSection(SolutionProperties) = preSolution
		HideSolutionNode = FALSE
	EndGlobalSection
	GlobalSection(ExtensibilityGlobals) = postSolution
		SolutionGuid = {9D60848F-8B21-4472-8386-005ABEFF594C}
	EndGlobalSection
EndGlobal
